
Microsoft Visual Studio Solution File, Format Version 12.00
# Visual Studio 14
VisualStudioVersion = 14.0.23107.0
MinimumVisualStudioVersion = 10.0.40219.1
Project("{FAE04EC0-301F-11D3-BF4B-00C04F79EFBC}") = "CKatas", "CKatas\CKatas.csproj", "{9A53F47A-665F-4AC9-A7C9-D65AD500573E}"
EndProject
Project("{FAE04EC0-301F-11D3-BF4B-00C04F79EFBC}") = "CKatas.Test", "CKatas.Test\CKatas.Test.csproj", "{B3891D0E-01F8-4C26-B040-047D5876391F}"
EndProject
Global
	GlobalSection(SolutionConfigurationPlatforms) = preSolution
		Debug|Any CPU = Debug|Any CPU
		Release|Any CPU = Release|Any CPU
	EndGlobalSection
	GlobalSection(ProjectConfigurationPlatforms) = postSolution
		{9A53F47A-665F-4AC9-A7C9-D65AD500573E}.Debug|Any CPU.ActiveCfg = Debug|Any CPU
		{9A53F47A-665F-4AC9-A7C9-D65AD500573E}.Debug|Any CPU.Build.0 = Debug|Any CPU
		{9A53F47A-665F-4AC9-A7C9-D65AD500573E}.Release|Any CPU.ActiveCfg = Release|Any CPU
		{9A53F47A-665F-4AC9-A7C9-D65AD500573E}.Release|Any CPU.Build.0 = Release|Any CPU
		{B3891D0E-01F8-4C26-B040-047D5876391F}.Debug|Any CPU.ActiveCfg = Debug|Any CPU
		{B3891D0E-01F8-4C26-B040-047D5876391F}.Debug|Any CPU.Build.0 = Debug|Any CPU
		{B3891D0E-01F8-4C26-B040-047D5876391F}.Release|Any CPU.ActiveCfg = Release|Any CPU
		{B3891D0E-01F8-4C26-B040-047D5876391F}.Release|Any CPU.Build.0 = Release|Any CPU
	EndGlobalSection
	GlobalSection(SolutionProperties) = preSolution
		HideSolutionNode = FALSE
	EndGlobalSection
EndGlobal
